
Microsoft Visual Studio Solution File, Format Version 12.00
# Visual Studio 15
VisualStudioVersion = 15.0.28010.2048
MinimumVisualStudioVersion = 10.0.40219.1
Project("{FAE04EC0-301F-11D3-BF4B-00C04F79EFBC}") = "Snake", "Snake.csproj", "{3471986E-C0E3-4E83-9575-A32A3B46A210}"
EndProject
Global
	GlobalSection(SolutionConfigurationPlatforms) = preSolution
		Debug|Any CPU = Debug|Any CPU
		Release|Any CPU = Release|Any CPU
	EndGlobalSection
	GlobalSection(ProjectConfigurationPlatforms) = postSolution
		{3471986E-C0E3-4E83-9575-A32A3B46A210}.Debug|Any CPU.ActiveCfg = Debug|Any CPU
		{3471986E-C0E3-4E83-9575-A32A3B46A210}.Debug|Any CPU.Build.0 = Debug|Any CPU
		{3471986E-C0E3-4E83-9575-A32A3B46A210}.Release|Any CPU.ActiveCfg = Release|Any CPU
		{3471986E-C0E3-4E83-9575-A32A3B46A210}.Release|Any CPU.Build.0 = Release|Any CPU
	EndGlobalSection
	GlobalSection(SolutionProperties) = preSolution
		HideSolutionNode = FALSE
	EndGlobalSection
	GlobalSection(ExtensibilityGlobals) = postSolution
		SolutionGuid = {DF711B10-76AE-4102-B7B9-98C86617B11C}
	EndGlobalSection
EndGlobal
